
Microsoft Visual Studio Solution File, Format Version 12.00
# Visual Studio Version 17
VisualStudioVersion = 17.8.34330.188
MinimumVisualStudioVersion = 10.0.40219.1
Project("{F184B08F-C81C-45F6-A57F-5ABD9991F28F}") = "inventory", "inventory\inventory.vbproj", "{B417D0A2-5B00-4815-8B0C-36F6D8250B66}"
EndProject
Global
	GlobalSection(SolutionConfigurationPlatforms) = preSolution
		Debug|Any CPU = Debug|Any CPU
		Release|Any CPU = Release|Any CPU
	EndGlobalSection
	GlobalSection(ProjectConfigurationPlatforms) = postSolution
		{B417D0A2-5B00-4815-8B0C-36F6D8250B66}.Debug|Any CPU.ActiveCfg = Debug|Any CPU
		{B417D0A2-5B00-4815-8B0C-36F6D8250B66}.Debug|Any CPU.Build.0 = Debug|Any CPU
		{B417D0A2-5B00-4815-8B0C-36F6D8250B66}.Release|Any CPU.ActiveCfg = Release|Any CPU
		{B417D0A2-5B00-4815-8B0C-36F6D8250B66}.Release|Any CPU.Build.0 = Release|Any CPU
	EndGlobalSection
	GlobalSection(SolutionProperties) = preSolution
		HideSolutionNode = FALSE
	EndGlobalSection
	GlobalSection(ExtensibilityGlobals) = postSolution
		SolutionGuid = {78D431E6-9DE6-4D13-91EE-209A264B3BFF}
	EndGlobalSection
EndGlobal
